
Microsoft Visual Studio Solution File, Format Version 12.00
# Visual Studio Express 2012 for Web
Project("{FAE04EC0-301F-11D3-BF4B-00C04F79EFBC}") = "Podstarter", "Podstarter\Podstarter.csproj", "{5370911A-91D4-4236-87AD-F9474E1AA8F2}"
EndProject
Project("{FAE04EC0-301F-11D3-BF4B-00C04F79EFBC}") = "Podstarter.Tests", "Podstarter.Tests\Podstarter.Tests.csproj", "{513CD162-E5D4-4D9A-82D5-75971477C1D9}"
EndProject
Global
	GlobalSection(SolutionConfigurationPlatforms) = preSolution
		Debug|Any CPU = Debug|Any CPU
		Release|Any CPU = Release|Any CPU
	EndGlobalSection
	GlobalSection(ProjectConfigurationPlatforms) = postSolution
		{513CD162-E5D4-4D9A-82D5-75971477C1D9}.Debug|Any CPU.ActiveCfg = Debug|Any CPU
		{513CD162-E5D4-4D9A-82D5-75971477C1D9}.Debug|Any CPU.Build.0 = Debug|Any CPU
		{513CD162-E5D4-4D9A-82D5-75971477C1D9}.Release|Any CPU.ActiveCfg = Release|Any CPU
		{513CD162-E5D4-4D9A-82D5-75971477C1D9}.Release|Any CPU.Build.0 = Release|Any CPU
		{5370911A-91D4-4236-87AD-F9474E1AA8F2}.Debug|Any CPU.ActiveCfg = Debug|Any CPU
		{5370911A-91D4-4236-87AD-F9474E1AA8F2}.Debug|Any CPU.Build.0 = Debug|Any CPU
		{5370911A-91D4-4236-87AD-F9474E1AA8F2}.Release|Any CPU.ActiveCfg = Release|Any CPU
		{5370911A-91D4-4236-87AD-F9474E1AA8F2}.Release|Any CPU.Build.0 = Release|Any CPU
	EndGlobalSection
	GlobalSection(SolutionProperties) = preSolution
		HideSolutionNode = FALSE
	EndGlobalSection
EndGlobal
